
Microsoft Visual Studio Solution File, Format Version 12.00
# Visual Studio 15
VisualStudioVersion = 15.0.28307.329
MinimumVisualStudioVersion = 10.0.40219.1
Project("{FAE04EC0-301F-11D3-BF4B-00C04F79EFBC}") = "Calculator", "Calculator\Calculator.csproj", "{0994AABE-0AAE-436F-B5CF-270BC0271534}"
EndProject
Project("{FAE04EC0-301F-11D3-BF4B-00C04F79EFBC}") = "Calculator.Unit.Test", "Calculator.Unit.Test\Calculator.Unit.Test.csproj", "{85A9C9D4-FAF5-4F9A-8F8C-5326B05A74A7}"
EndProject
Global
	GlobalSection(SolutionConfigurationPlatforms) = preSolution
		Debug|Any CPU = Debug|Any CPU
		Release|Any CPU = Release|Any CPU
	EndGlobalSection
	GlobalSection(ProjectConfigurationPlatforms) = postSolution
		{0994AABE-0AAE-436F-B5CF-270BC0271534}.Debug|Any CPU.ActiveCfg = Debug|Any CPU
		{0994AABE-0AAE-436F-B5CF-270BC0271534}.Debug|Any CPU.Build.0 = Debug|Any CPU
		{0994AABE-0AAE-436F-B5CF-270BC0271534}.Release|Any CPU.ActiveCfg = Release|Any CPU
		{0994AABE-0AAE-436F-B5CF-270BC0271534}.Release|Any CPU.Build.0 = Release|Any CPU
		{85A9C9D4-FAF5-4F9A-8F8C-5326B05A74A7}.Debug|Any CPU.ActiveCfg = Debug|Any CPU
		{85A9C9D4-FAF5-4F9A-8F8C-5326B05A74A7}.Debug|Any CPU.Build.0 = Debug|Any CPU
		{85A9C9D4-FAF5-4F9A-8F8C-5326B05A74A7}.Release|Any CPU.ActiveCfg = Release|Any CPU
		{85A9C9D4-FAF5-4F9A-8F8C-5326B05A74A7}.Release|Any CPU.Build.0 = Release|Any CPU
	EndGlobalSection
	GlobalSection(SolutionProperties) = preSolution
		HideSolutionNode = FALSE
	EndGlobalSection
	GlobalSection(ExtensibilityGlobals) = postSolution
		SolutionGuid = {BAF85230-8FB8-4EEE-9CE8-6DF28340D322}
	EndGlobalSection
EndGlobal
